// !$*UTF8*$!
{
	archiveVersion = 1;
	classes = {
	};
	objectVersion = 50;
	objects = {

/* Begin PBXBuildFile section */
		0715273F24FF305900F726BB /* AppDelegate.swift in Sources */ = {isa = PBXBuildFile; fileRef = 0715273E24FF305900F726BB /* AppDelegate.swift */; };
		0715274124FF305900F726BB /* SceneDelegate.swift in Sources */ = {isa = PBXBuildFile; fileRef = 0715274024FF305900F726BB /* SceneDelegate.swift */; };
		0715274324FF305900F726BB /* ViewController.swift in Sources */ = {isa = PBXBuildFile; fileRef = 0715274224FF305900F726BB /* ViewController.swift */; };
		0715274624FF305900F726BB /* Main.storyboard in Resources */ = {isa = PBXBuildFile; fileRef = 0715274424FF305900F726BB /* Main.storyboard */; };
		0715274824FF305B00F726BB /* Assets.xcassets in Resources */ = {isa = PBXBuildFile; fileRef = 0715274724FF305B00F726BB /* Assets.xcassets */; };
		0715274B24FF305B00F726BB /* LaunchScreen.storyboard in Resources */ = {isa = PBXBuildFile; fileRef = 0715274924FF305B00F726BB /* LaunchScreen.storyboard */; };
		0715275724FF30DA00F726BB /* CategoryVC.swift in Sources */ = {isa = PBXBuildFile; fileRef = 0715275624FF30DA00F726BB /* CategoryVC.swift */; };
		0715275924FF314100F726BB /* CategoryCell.swift in Sources */ = {isa = PBXBuildFile; fileRef = 0715275824FF314100F726BB /* CategoryCell.swift */; };
		0715275B24FF390F00F726BB /* Category.swift in Sources */ = {isa = PBXBuildFile; fileRef = 0715275A24FF390F00F726BB /* Category.swift */; };
		0715275D24FF3AAC00F726BB /* Data Services.swift in Sources */ = {isa = PBXBuildFile; fileRef = 0715275C24FF3AAC00F726BB /* Data Services.swift */; };
		0715275F24FF50B100F726BB /* ProductVC.swift in Sources */ = {isa = PBXBuildFile; fileRef = 0715275E24FF50B100F726BB /* ProductVC.swift */; };
		0715276124FF51D400F726BB /* ProductCell.swift in Sources */ = {isa = PBXBuildFile; fileRef = 0715276024FF51D400F726BB /* ProductCell.swift */; };
		0715276324FF51E500F726BB /* Product.swift in Sources */ = {isa = PBXBuildFile; fileRef = 0715276224FF51E500F726BB /* Product.swift */; };
		07BCF6DE24FFC89600CAC364 /* PreviewVC.swift in Sources */ = {isa = PBXBuildFile; fileRef = 07BCF6DD24FFC89600CAC364 /* PreviewVC.swift */; };
/* End PBXBuildFile section */

/* Begin PBXFileReference section */
		0715273B24FF305900F726BB /* Let's Shop.app */ = {isa = PBXFileReference; explicitFileType = wrapper.application; includeInIndex = 0; path = "Let's Shop.app"; sourceTree = BUILT_PRODUCTS_DIR; };
		0715273E24FF305900F726BB /* AppDelegate.swift */ = {isa = PBXFileReference; lastKnownFileType = sourcecode.swift; path = AppDelegate.swift; sourceTree = "<group>"; };
		0715274024FF305900F726BB /* SceneDelegate.swift */ = {isa = PBXFileReference; lastKnownFileType = sourcecode.swift; path = SceneDelegate.swift; sourceTree = "<group>"; };
		0715274224FF305900F726BB /* ViewController.swift */ = {isa = PBXFileReference; lastKnownFileType = sourcecode.swift; path = ViewController.swift; sourceTree = "<group>"; };
		0715274524FF305900F726BB /* Base */ = {isa = PBXFileReference; lastKnownFileType = file.storyboard; name = Base; path = Base.lproj/Main.storyboard; sourceTree = "<group>"; };
		0715274724FF305B00F726BB /* Assets.xcassets */ = {isa = PBXFileReference; lastKnownFileType = folder.assetcatalog; path = Assets.xcassets; sourceTree = "<group>"; };
		0715274A24FF305B00F726BB /* Base */ = {isa = PBXFileReference; lastKnownFileType = file.storyboard; name = Base; path = Base.lproj/LaunchScreen.storyboard; sourceTree = "<group>"; };
		0715274C24FF305B00F726BB /* Info.plist */ = {isa = PBXFileReference; lastKnownFileType = text.plist.xml; path = Info.plist; sourceTree = "<group>"; };
		0715275624FF30DA00F726BB /* CategoryVC.swift */ = {isa = PBXFileReference; lastKnownFileType = sourcecode.swift; path = CategoryVC.swift; sourceTree = "<group>"; };
		0715275824FF314100F726BB /* CategoryCell.swift */ = {isa = PBXFileReference; lastKnownFileType = sourcecode.swift; path = CategoryCell.swift; sourceTree = "<group>"; };
		0715275A24FF390F00F726BB /* Category.swift */ = {isa = PBXFileReference; lastKnownFileType = sourcecode.swift; path = Category.swift; sourceTree = "<group>"; };
		0715275C24FF3AAC00F726BB /* Data Services.swift */ = {isa = PBXFileReference; lastKnownFileType = sourcecode.swift; path = "Data Services.swift"; sourceTree = "<group>"; };
		0715275E24FF50B100F726BB /* ProductVC.swift */ = {isa = PBXFileReference; lastKnownFileType = sourcecode.swift; path = ProductVC.swift; sourceTree = "<group>"; };
		0715276024FF51D400F726BB /* ProductCell.swift */ = {isa = PBXFileReference; lastKnownFileType = sourcecode.swift; path = ProductCell.swift; sourceTree = "<group>"; };
		0715276224FF51E500F726BB /* Product.swift */ = {isa = PBXFileReference; lastKnownFileType = sourcecode.swift; path = Product.swift; sourceTree = "<group>"; };
		07BCF6DD24FFC89600CAC364 /* PreviewVC.swift */ = {isa = PBXFileReference; lastKnownFileType = sourcecode.swift; path = PreviewVC.swift; sourceTree = "<group>"; };
/* End PBXFileReference section */

/* Begin PBXFrameworksBuildPhase section */
		0715273824FF305900F726BB /* Frameworks */ = {
			isa = PBXFrameworksBuildPhase;
			buildActionMask = 2147483647;
			files = (
			);
			runOnlyForDeploymentPostprocessing = 0;
		};
/* End PBXFrameworksBuildPhase section */

/* Begin PBXGroup section */
		0715273224FF305900F726BB = {
			isa = PBXGroup;
			children = (
				0715273D24FF305900F726BB /* Let's Shop */,
				0715273C24FF305900F726BB /* Products */,
			);
			sourceTree = "<group>";
		};
		0715273C24FF305900F726BB /* Products */ = {
			isa = PBXGroup;
			children = (
				0715273B24FF305900F726BB /* Let's Shop.app */,
			);
			name = Products;
			sourceTree = "<group>";
		};
		0715273D24FF305900F726BB /* Let's Shop */ = {
			isa = PBXGroup;
			children = (
				0715275524FF30BA00F726BB /* Services */,
				0715275424FF30B400F726BB /* View */,
				0715275324FF30AE00F726BB /* Model */,
				0715275224FF309E00F726BB /* Controller */,
				0715273E24FF305900F726BB /* AppDelegate.swift */,
				0715274024FF305900F726BB /* SceneDelegate.swift */,
				0715274224FF305900F726BB /* ViewController.swift */,
				0715274424FF305900F726BB /* Main.storyboard */,
				0715274724FF305B00F726BB /* Assets.xcassets */,
				0715274924FF305B00F726BB /* LaunchScreen.storyboard */,
				0715274C24FF305B00F726BB /* Info.plist */,
			);
			path = "Let's Shop";
			sourceTree = "<group>";
		};
		0715275224FF309E00F726BB /* Controller */ = {
			isa = PBXGroup;
			children = (
				0715275624FF30DA00F726BB /* CategoryVC.swift */,
				0715275E24FF50B100F726BB /* ProductVC.swift */,
				07BCF6DD24FFC89600CAC364 /* PreviewVC.swift */,
			);
			path = Controller;
			sourceTree = "<group>";
		};
		0715275324FF30AE00F726BB /* Model */ = {
			isa = PBXGroup;
			children = (
				0715275A24FF390F00F726BB /* Category.swift */,
				0715276224FF51E500F726BB /* Product.swift */,
			);
			path = Model;
			sourceTree = "<group>";
		};
		0715275424FF30B400F726BB /* View */ = {
			isa = PBXGroup;
			children = (
				0715275824FF314100F726BB /* CategoryCell.swift */,
				0715276024FF51D400F726BB /* ProductCell.swift */,
			);
			path = View;
			sourceTree = "<group>";
		};
		0715275524FF30BA00F726BB /* Services */ = {
			isa = PBXGroup;
			children = (
				0715275C24FF3AAC00F726BB /* Data Services.swift */,
			);
			path = Services;
			sourceTree = "<group>";
		};
/* End PBXGroup section */

/* Begin PBXNativeTarget section */
		0715273A24FF305900F726BB /* Let's Shop */ = {
			isa = PBXNativeTarget;
			buildConfigurationList = 0715274F24FF305B00F726BB /* Build configuration list for PBXNativeTarget "Let's Shop" */;
			buildPhases = (
				0715273724FF305900F726BB /* Sources */,
				0715273824FF305900F726BB /* Frameworks */,
				0715273924FF305900F726BB /* Resources */,
			);
			buildRules = (
			);
			dependencies = (
			);
			name = "Let's Shop";
			productName = "Let's Shop";
			productReference = 0715273B24FF305900F726BB /* Let's Shop.app */;
			productType = "com.apple.product-type.application";
		};
/* End PBXNativeTarget section */

/* Begin PBXProject section */
		0715273324FF305900F726BB /* Project object */ = {
			isa = PBXProject;
			attributes = {
				LastSwiftUpdateCheck = 1130;
				LastUpgradeCheck = 1130;
				ORGANIZATIONNAME = "Rifqi Alfaizi";
				TargetAttributes = {
					0715273A24FF305900F726BB = {
						CreatedOnToolsVersion = 11.3.1;
					};
				};
			};
			buildConfigurationList = 0715273624FF305900F726BB /* Build configuration list for PBXProject "Let's Shop" */;
			compatibilityVersion = "Xcode 9.3";
			developmentRegion = en;
			hasScannedForEncodings = 0;
			knownRegions = (
				en,
				Base,
			);
			mainGroup = 0715273224FF305900F726BB;
			productRefGroup = 0715273C24FF305900F726BB /* Products */;
			projectDirPath = "";
			projectRoot = "";
			targets = (
				0715273A24FF305900F726BB /* Let's Shop */,
			);
		};
/* End PBXProject section */

/* Begin PBXResourcesBuildPhase section */
		0715273924FF305900F726BB /* Resources */ = {
			isa = PBXResourcesBuildPhase;
			buildActionMask = 2147483647;
			files = (
				0715274B24FF305B00F726BB /* LaunchScreen.storyboard in Resources */,
				0715274824FF305B00F726BB /* Assets.xcassets in Resources */,
				0715274624FF305900F726BB /* Main.storyboard in Resources */,
			);
			runOnlyForDeploymentPostprocessing = 0;
		};
/* End PBXResourcesBuildPhase section */

/* Begin PBXSourcesBuildPhase section */
		0715273724FF305900F726BB /* Sources */ = {
			isa = PBXSourcesBuildPhase;
			buildActionMask = 2147483647;
			files = (
				0715274324FF305900F726BB /* ViewController.swift in Sources */,
				0715275D24FF3AAC00F726BB /* Data Services.swift in Sources */,
				0715273F24FF305900F726BB /* AppDelegate.swift in Sources */,
				0715275724FF30DA00F726BB /* CategoryVC.swift in Sources */,
				0715275F24FF50B100F726BB /* ProductVC.swift in Sources */,
				07BCF6DE24FFC89600CAC364 /* PreviewVC.swift in Sources */,
				0715274124FF305900F726BB /* SceneDelegate.swift in Sources */,
				0715276124FF51D400F726BB /* ProductCell.swift in Sources */,
				0715276324FF51E500F726BB /* Product.swift in Sources */,
				0715275924FF314100F726BB /* CategoryCell.swift in Sources */,
				0715275B24FF390F00F726BB /* Category.swift in Sources */,
			);
			runOnlyForDeploymentPostprocessing = 0;
		};
/* End PBXSourcesBuildPhase section */

/* Begin PBXVariantGroup section */
		0715274424FF305900F726BB /* Main.storyboard */ = {
			isa = PBXVariantGroup;
			children = (
				0715274524FF305900F726BB /* Base */,
			);
			name = Main.storyboard;
			sourceTree = "<group>";
		};
		0715274924FF305B00F726BB /* LaunchScreen.storyboard */ = {
			isa = PBXVariantGroup;
			children = (
				0715274A24FF305B00F726BB /* Base */,
			);
			name = LaunchScreen.storyboard;
			sourceTree = "<group>";
		};
/* End PBXVariantGroup section */

/* Begin XCBuildConfiguration section */
		0715274D24FF305B00F726BB /* Debug */ = {
			isa = XCBuildConfiguration;
			buildSettings = {
				ALWAYS_SEARCH_USER_PATHS = NO;
				CLANG_ANALYZER_NONNULL = YES;
				CLANG_ANALYZER_NUMBER_OBJECT_CONVERSION = YES_AGGRESSIVE;
				CLANG_CXX_LANGUAGE_STANDARD = "gnu++14";
				CLANG_CXX_LIBRARY = "libc++";
				CLANG_ENABLE_MODULES = YES;
				CLANG_ENABLE_OBJC_ARC = YES;
				CLANG_ENABLE_OBJC_WEAK = YES;
				CLANG_WARN_BLOCK_CAPTURE_AUTORELEASING = YES;
				CLANG_WARN_BOOL_CONVERSION = YES;
				CLANG_WARN_COMMA = YES;
				CLANG_WARN_CONSTANT_CONVERSION = YES;
				CLANG_WARN_DEPRECATED_OBJC_IMPLEMENTATIONS = YES;
				CLANG_WARN_DIRECT_OBJC_ISA_USAGE = YES_ERROR;
				CLANG_WARN_DOCUMENTATION_COMMENTS = YES;
				CLANG_WARN_EMPTY_BODY = YES;
				CLANG_WARN_ENUM_CONVERSION = YES;
				CLANG_WARN_INFINITE_RECURSION = YES;
				CLANG_WARN_INT_CONVERSION = YES;
				CLANG_WARN_NON_LITERAL_NULL_CONVERSION = YES;
				CLANG_WARN_OBJC_IMPLICIT_RETAIN_SELF = YES;
				CLANG_WARN_OBJC_LITERAL_CONVERSION = YES;
				CLANG_WARN_OBJC_ROOT_CLASS = YES_ERROR;
				CLANG_WARN_RANGE_LOOP_ANALYSIS = YES;
				CLANG_WARN_STRICT_PROTOTYPES = YES;
				CLANG_WARN_SUSPICIOUS_MOVE = YES;
				CLANG_WARN_UNGUARDED_AVAILABILITY = YES_AGGRESSIVE;
				CLANG_WARN_UNREACHABLE_CODE = YES;
				CLANG_WARN__DUPLICATE_METHOD_MATCH = YES;
				COPY_PHASE_STRIP = NO;
				DEBUG_INFORMATION_FORMAT = dwarf;
				ENABLE_STRICT_OBJC_MSGSEND = YES;
				ENABLE_TESTABILITY = YES;
				GCC_C_LANGUAGE_STANDARD = gnu11;
				GCC_DYNAMIC_NO_PIC = NO;
				GCC_NO_COMMON_BLOCKS = YES;
				GCC_OPTIMIZATION_LEVEL = 0;
				GCC_PREPROCESSOR_DEFINITIONS = (
					"DEBUG=1",
					"$(inherited)",
				);
				GCC_WARN_64_TO_32_BIT_CONVERSION = YES;
				GCC_WARN_ABOUT_RETURN_TYPE = YES_ERROR;
				GCC_WARN_UNDECLARED_SELECTOR = YES;
				GCC_WARN_UNINITIALIZED_AUTOS = YES_AGGRESSIVE;
				GCC_WARN_UNUSED_FUNCTION = YES;
				GCC_WARN_UNUSED_VARIABLE = YES;
				IPHONEOS_DEPLOYMENT_TARGET = 13.2;
				MTL_ENABLE_DEBUG_INFO = INCLUDE_SOURCE;
				MTL_FAST_MATH = YES;
				ONLY_ACTIVE_ARCH = YES;
				SDKROOT = iphoneos;
				SWIFT_ACTIVE_COMPILATION_CONDITIONS = DEBUG;
				SWIFT_OPTIMIZATION_LEVEL = "-Onone";
			};
			name = Debug;
		};
		0715274E24FF305B00F726BB /* Release */ = {
			isa = XCBuildConfiguration;
			buildSettings = {
				ALWAYS_SEARCH_USER_PATHS = NO;
				CLANG_ANALYZER_NONNULL = YES;
				CLANG_ANALYZER_NUMBER_OBJECT_CONVERSION = YES_AGGRESSIVE;
				CLANG_CXX_LANGUAGE_STANDARD = "gnu++14";
				CLANG_CXX_LIBRARY = "libc++";
				CLANG_ENABLE_MODULES = YES;
				CLANG_ENABLE_OBJC_ARC = YES;
				CLANG_ENABLE_OBJC_WEAK = YES;
				CLANG_WARN_BLOCK_CAPTURE_AUTORELEASING = YES;
				CLANG_WARN_BOOL_CONVERSION = YES;
				CLANG_WARN_COMMA = YES;
				CLANG_WARN_CONSTANT_CONVERSION = YES;
				CLANG_WARN_DEPRECATED_OBJC_IMPLEMENTATIONS = YES;
				CLANG_WARN_DIRECT_OBJC_ISA_USAGE = YES_ERROR;
				CLANG_WARN_DOCUMENTATION_COMMENTS = YES;
				CLANG_WARN_EMPTY_BODY = YES;
				CLANG_WARN_ENUM_CONVERSION = YES;
				CLANG_WARN_INFINITE_RECURSION = YES;
				CLANG_WARN_INT_CONVERSION = YES;
				CLANG_WARN_NON_LITERAL_NULL_CONVERSION = YES;
				CLANG_WARN_OBJC_IMPLICIT_RETAIN_SELF = YES;
				CLANG_WARN_OBJC_LITERAL_CONVERSION = YES;
				CLANG_WARN_OBJC_ROOT_CLASS = YES_ERROR;
				CLANG_WARN_RANGE_LOOP_ANALYSIS = YES;
				CLANG_WARN_STRICT_PROTOTYPES = YES;
				CLANG_WARN_SUSPICIOUS_MOVE = YES;
				CLANG_WARN_UNGUARDED_AVAILABILITY = YES_AGGRESSIVE;
				CLANG_WARN_UNREACHABLE_CODE = YES;
				CLANG_WARN__DUPLICATE_METHOD_MATCH = YES;
				COPY_PHASE_STRIP = NO;
				DEBUG_INFORMATION_FORMAT = "dwarf-with-dsym";
				ENABLE_NS_ASSERTIONS = NO;
				ENABLE_STRICT_OBJC_MSGSEND = YES;
				GCC_C_LANGUAGE_STANDARD = gnu11;
				GCC_NO_COMMON_BLOCKS = YES;
				GCC_WARN_64_TO_32_BIT_CONVERSION = YES;
				GCC_WARN_ABOUT_RETURN_TYPE = YES_ERROR;
				GCC_WARN_UNDECLARED_SELECTOR = YES;
				GCC_WARN_UNINITIALIZED_AUTOS = YES_AGGRESSIVE;
				GCC_WARN_UNUSED_FUNCTION = YES;
				GCC_WARN_UNUSED_VARIABLE = YES;
				IPHONEOS_DEPLOYMENT_TARGET = 13.2;
				MTL_ENABLE_DEBUG_INFO = NO;
				MTL_FAST_MATH = YES;
				SDKROOT = iphoneos;
				SWIFT_COMPILATION_MODE = wholemodule;
				SWIFT_OPTIMIZATION_LEVEL = "-O";
				VALIDATE_PRODUCT = YES;
			};
			name = Release;
		};
		0715275024FF305B00F726BB /* Debug */ = {
			isa = XCBuildConfiguration;
			buildSettings = {
				ASSETCATALOG_COMPILER_APPICON_NAME = AppIcon;
				CODE_SIGN_STYLE = Automatic;
				DEVELOPMENT_TEAM = DQ8BV97XCZ;
				INFOPLIST_FILE = "Let's Shop/Info.plist";
				LD_RUNPATH_SEARCH_PATHS = (
					"$(inherited)",
					"@executable_path/Frameworks",
				);
				PRODUCT_BUNDLE_IDENTIFIER = "com.rifqialfaizi.Let-s-Shop";
				PRODUCT_NAME = "$(TARGET_NAME)";
				SWIFT_VERSION = 5.0;
				TARGETED_DEVICE_FAMILY = "1,2";
			};
			name = Debug;
		};
		0715275124FF305B00F726BB /* Release */ = {
			isa = XCBuildConfiguration;
			buildSettings = {
				ASSETCATALOG_COMPILER_APPICON_NAME = AppIcon;
				CODE_SIGN_STYLE = Automatic;
				DEVELOPMENT_TEAM = DQ8BV97XCZ;
				INFOPLIST_FILE = "Let's Shop/Info.plist";
				LD_RUNPATH_SEARCH_PATHS = (
					"$(inherited)",
					"@executable_path/Frameworks",
				);
				PRODUCT_BUNDLE_IDENTIFIER = "com.rifqialfaizi.Let-s-Shop";
				PRODUCT_NAME = "$(TARGET_NAME)";
				SWIFT_VERSION = 5.0;
				TARGETED_DEVICE_FAMILY = "1,2";
			};
			name = Release;
		};
/* End XCBuildConfiguration section */

/* Begin XCConfigurationList section */
		0715273624FF305900F726BB /* Build configuration list for PBXProject "Let's Shop" */ = {
			isa = XCConfigurationList;
			buildConfigurations = (
				0715274D24FF305B00F726BB /* Debug */,
				0715274E24FF305B00F726BB /* Release */,
			);
			defaultConfigurationIsVisible = 0;
			defaultConfigurationName = Release;
		};
		0715274F24FF305B00F726BB /* Build configuration list for PBXNativeTarget "Let's Shop" */ = {
			isa = XCConfigurationList;
			buildConfigurations = (
				0715275024FF305B00F726BB /* Debug */,
				0715275124FF305B00F726BB /* Release */,
			);
			defaultConfigurationIsVisible = 0;
			defaultConfigurationName = Release;
		};
/* End XCConfigurationList section */
	};
	rootObject = 0715273324FF305900F726BB /* Project object */;
}
